
Microsoft Visual Studio Solution File, Format Version 12.00
# Visual Studio 15
VisualStudioVersion = 15.0.28307.960
MinimumVisualStudioVersion = 10.0.40219.1
Project("{FAE04EC0-301F-11D3-BF4B-00C04F79EFBC}") = "App18.Android", "App18\App18.Android\App18.Android.csproj", "{62AE5174-34AC-4A65-ADF3-D59AC51A2879}"
EndProject
Project("{FAE04EC0-301F-11D3-BF4B-00C04F79EFBC}") = "App18.iOS", "App18\App18.iOS\App18.iOS.csproj", "{8AED56D6-5AA1-47B6-8900-7912371DE385}"
EndProject
Project("{FAE04EC0-301F-11D3-BF4B-00C04F79EFBC}") = "App18.UWP", "App18\App18.UWP\App18.UWP.csproj", "{64346C96-FF75-4B87-BE7F-5F91C4DF4A8B}"
EndProject
Project("{FAE04EC0-301F-11D3-BF4B-00C04F79EFBC}") = "App18", "App18\App18\App18.csproj", "{7A20649D-14E1-4984-B03E-B947E40F8692}"
EndProject
Global
	GlobalSection(SolutionConfigurationPlatforms) = preSolution
		Ad-Hoc|Any CPU = Ad-Hoc|Any CPU
		Ad-Hoc|ARM = Ad-Hoc|ARM
		Ad-Hoc|iPhone = Ad-Hoc|iPhone
		Ad-Hoc|iPhoneSimulator = Ad-Hoc|iPhoneSimulator
		Ad-Hoc|x64 = Ad-Hoc|x64
		Ad-Hoc|x86 = Ad-Hoc|x86
		AppStore|Any CPU = AppStore|Any CPU
		AppStore|ARM = AppStore|ARM
		AppStore|iPhone = AppStore|iPhone
		AppStore|iPhoneSimulator = AppStore|iPhoneSimulator
		AppStore|x64 = AppStore|x64
		AppStore|x86 = AppStore|x86
		Debug|Any CPU = Debug|Any CPU
		Debug|ARM = Debug|ARM
		Debug|iPhone = Debug|iPhone
		Debug|iPhoneSimulator = Debug|iPhoneSimulator
		Debug|x64 = Debug|x64
		Debug|x86 = Debug|x86
		Release|Any CPU = Release|Any CPU
		Release|ARM = Release|ARM
		Release|iPhone = Release|iPhone
		Release|iPhoneSimulator = Release|iPhoneSimulator
		Release|x64 = Release|x64
		Release|x86 = Release|x86
	EndGlobalSection
	GlobalSection(ProjectConfigurationPlatforms) = postSolution
		{62AE5174-34AC-4A65-ADF3-D59AC51A2879}.Ad-Hoc|Any CPU.ActiveCfg = Release|Any CPU
		{62AE5174-34AC-4A65-ADF3-D59AC51A2879}.Ad-Hoc|Any CPU.Build.0 = Release|Any CPU
		{62AE5174-34AC-4A65-ADF3-D59AC51A2879}.Ad-Hoc|Any CPU.Deploy.0 = Release|Any CPU
		{62AE5174-34AC-4A65-ADF3-D59AC51A2879}.Ad-Hoc|ARM.ActiveCfg = Release|Any CPU
		{62AE5174-34AC-4A65-ADF3-D59AC51A2879}.Ad-Hoc|ARM.Build.0 = Release|Any CPU
		{62AE5174-34AC-4A65-ADF3-D59AC51A2879}.Ad-Hoc|ARM.Deploy.0 = Release|Any CPU
		{62AE5174-34AC-4A65-ADF3-D59AC51A2879}.Ad-Hoc|iPhone.ActiveCfg = Release|Any CPU
		{62AE5174-34AC-4A65-ADF3-D59AC51A2879}.Ad-Hoc|iPhone.Build.0 = Release|Any CPU
		{62AE5174-34AC-4A65-ADF3-D59AC51A2879}.Ad-Hoc|iPhone.Deploy.0 = Release|Any CPU
		{62AE5174-34AC-4A65-ADF3-D59AC51A2879}.Ad-Hoc|iPhoneSimulator.ActiveCfg = Release|Any CPU
		{62AE5174-34AC-4A65-ADF3-D59AC51A2879}.Ad-Hoc|iPhoneSimulator.Build.0 = Release|Any CPU
		{62AE5174-34AC-4A65-ADF3-D59AC51A2879}.Ad-Hoc|iPhoneSimulator.Deploy.0 = Release|Any CPU
		{62AE5174-34AC-4A65-ADF3-D59AC51A2879}.Ad-Hoc|x64.ActiveCfg = Release|Any CPU
		{62AE5174-34AC-4A65-ADF3-D59AC51A2879}.Ad-Hoc|x64.Build.0 = Release|Any CPU
		{62AE5174-34AC-4A65-ADF3-D59AC51A2879}.Ad-Hoc|x64.Deploy.0 = Release|Any CPU
		{62AE5174-34AC-4A65-ADF3-D59AC51A2879}.Ad-Hoc|x86.ActiveCfg = Release|Any CPU
		{62AE5174-34AC-4A65-ADF3-D59AC51A2879}.Ad-Hoc|x86.Build.0 = Release|Any CPU
		{62AE5174-34AC-4A65-ADF3-D59AC51A2879}.Ad-Hoc|x86.Deploy.0 = Release|Any CPU
		{62AE5174-34AC-4A65-ADF3-D59AC51A2879}.AppStore|Any CPU.ActiveCfg = Release|Any CPU
		{62AE5174-34AC-4A65-ADF3-D59AC51A2879}.AppStore|Any CPU.Build.0 = Release|Any CPU
		{62AE5174-34AC-4A65-ADF3-D59AC51A2879}.AppStore|Any CPU.Deploy.0 = Release|Any CPU
		{62AE5174-34AC-4A65-ADF3-D59AC51A2879}.AppStore|ARM.ActiveCfg = Release|Any CPU
		{62AE5174-34AC-4A65-ADF3-D59AC51A2879}.AppStore|ARM.Build.0 = Release|Any CPU
		{62AE5174-34AC-4A65-ADF3-D59AC51A2879}.AppStore|ARM.Deploy.0 = Release|Any CPU
		{62AE5174-34AC-4A65-ADF3-D59AC51A2879}.AppStore|iPhone.ActiveCfg = Release|Any CPU
		{62AE5174-34AC-4A65-ADF3-D59AC51A2879}.AppStore|iPhone.Build.0 = Release|Any CPU
		{62AE5174-34AC-4A65-ADF3-D59AC51A2879}.AppStore|iPhone.Deploy.0 = Release|Any CPU
		{62AE5174-34AC-4A65-ADF3-D59AC51A2879}.AppStore|iPhoneSimulator.ActiveCfg = Release|Any CPU
		{62AE5174-34AC-4A65-ADF3-D59AC51A2879}.AppStore|iPhoneSimulator.Build.0 = Release|Any CPU
		{62AE5174-34AC-4A65-ADF3-D59AC51A2879}.AppStore|iPhoneSimulator.Deploy.0 = Release|Any CPU
		{62AE5174-34AC-4A65-ADF3-D59AC51A2879}.AppStore|x64.ActiveCfg = Release|Any CPU
		{62AE5174-34AC-4A65-ADF3-D59AC51A2879}.AppStore|x64.Build.0 = Release|Any CPU
		{62AE5174-34AC-4A65-ADF3-D59AC51A2879}.AppStore|x64.Deploy.0 = Release|Any CPU
		{62AE5174-34AC-4A65-ADF3-D59AC51A2879}.AppStore|x86.ActiveCfg = Release|Any CPU
		{62AE5174-34AC-4A65-ADF3-D59AC51A2879}.AppStore|x86.Build.0 = Release|Any CPU
		{62AE5174-34AC-4A65-ADF3-D59AC51A2879}.AppStore|x86.Deploy.0 = Release|Any CPU
		{62AE5174-34AC-4A65-ADF3-D59AC51A2879}.Debug|Any CPU.ActiveCfg = Debug|Any CPU
		{62AE5174-34AC-4A65-ADF3-D59AC51A2879}.Debug|Any CPU.Build.0 = Debug|Any CPU
		{62AE5174-34AC-4A65-ADF3-D59AC51A2879}.Debug|Any CPU.Deploy.0 = Debug|Any CPU
		{62AE5174-34AC-4A65-ADF3-D59AC51A2879}.Debug|ARM.ActiveCfg = Debug|Any CPU
		{62AE5174-34AC-4A65-ADF3-D59AC51A2879}.Debug|ARM.Build.0 = Debug|Any CPU
		{62AE5174-34AC-4A65-ADF3-D59AC51A2879}.Debug|ARM.Deploy.0 = Debug|Any CPU
		{62AE5174-34AC-4A65-ADF3-D59AC51A2879}.Debug|iPhone.ActiveCfg = Debug|Any CPU
		{62AE5174-34AC-4A65-ADF3-D59AC51A2879}.Debug|iPhone.Build.0 = Debug|Any CPU
		{62AE5174-34AC-4A65-ADF3-D59AC51A2879}.Debug|iPhone.Deploy.0 = Debug|Any CPU
		{62AE5174-34AC-4A65-ADF3-D59AC51A2879}.Debug|iPhoneSimulator.ActiveCfg = Debug|Any CPU
		{62AE5174-34AC-4A65-ADF3-D59AC51A2879}.Debug|iPhoneSimulator.Build.0 = Debug|Any CPU
		{62AE5174-34AC-4A65-ADF3-D59AC51A2879}.Debug|iPhoneSimulator.Deploy.0 = Debug|Any CPU
		{62AE5174-34AC-4A65-ADF3-D59AC51A2879}.Debug|x64.ActiveCfg = Debug|Any CPU
		{62AE5174-34AC-4A65-ADF3-D59AC51A2879}.Debug|x64.Build.0 = Debug|Any CPU
		{62AE5174-34AC-4A65-ADF3-D59AC51A2879}.Debug|x64.Deploy.0 = Debug|Any CPU
		{62AE5174-34AC-4A65-ADF3-D59AC51A2879}.Debug|x86.ActiveCfg = Debug|Any CPU
		{62AE5174-34AC-4A65-ADF3-D59AC51A2879}.Debug|x86.Build.0 = Debug|Any CPU
		{62AE5174-34AC-4A65-ADF3-D59AC51A2879}.Debug|x86.Deploy.0 = Debug|Any CPU
		{62AE5174-34AC-4A65-ADF3-D59AC51A2879}.Release|Any CPU.ActiveCfg = Release|Any CPU
		{62AE5174-34AC-4A65-ADF3-D59AC51A2879}.Release|Any CPU.Build.0 = Release|Any CPU
		{62AE5174-34AC-4A65-ADF3-D59AC51A2879}.Release|Any CPU.Deploy.0 = Release|Any CPU
		{62AE5174-34AC-4A65-ADF3-D59AC51A2879}.Release|ARM.ActiveCfg = Release|Any CPU
		{62AE5174-34AC-4A65-ADF3-D59AC51A2879}.Release|ARM.Build.0 = Release|Any CPU
		{62AE5174-34AC-4A65-ADF3-D59AC51A2879}.Release|ARM.Deploy.0 = Release|Any CPU
		{62AE5174-34AC-4A65-ADF3-D59AC51A2879}.Release|iPhone.ActiveCfg = Release|Any CPU
		{62AE5174-34AC-4A65-ADF3-D59AC51A2879}.Release|iPhone.Build.0 = Release|Any CPU
		{62AE5174-34AC-4A65-ADF3-D59AC51A2879}.Release|iPhone.Deploy.0 = Release|Any CPU
		{62AE5174-34AC-4A65-ADF3-D59AC51A2879}.Release|iPhoneSimulator.ActiveCfg = Release|Any CPU
		{62AE5174-34AC-4A65-ADF3-D59AC51A2879}.Release|iPhoneSimulator.Build.0 = Release|Any CPU
		{62AE5174-34AC-4A65-ADF3-D59AC51A2879}.Release|iPhoneSimulator.Deploy.0 = Release|Any CPU
		{62AE5174-34AC-4A65-ADF3-D59AC51A2879}.Release|x64.ActiveCfg = Release|Any CPU
		{62AE5174-34AC-4A65-ADF3-D59AC51A2879}.Release|x64.Build.0 = Release|Any CPU
		{62AE5174-34AC-4A65-ADF3-D59AC51A2879}.Release|x64.Deploy.0 = Release|Any CPU
		{62AE5174-34AC-4A65-ADF3-D59AC51A2879}.Release|x86.ActiveCfg = Release|Any CPU
		{62AE5174-34AC-4A65-ADF3-D59AC51A2879}.Release|x86.Build.0 = Release|Any CPU
		{62AE5174-34AC-4A65-ADF3-D59AC51A2879}.Release|x86.Deploy.0 = Release|Any CPU
		{8AED56D6-5AA1-47B6-8900-7912371DE385}.Ad-Hoc|Any CPU.ActiveCfg = Ad-Hoc|iPhone
		{8AED56D6-5AA1-47B6-8900-7912371DE385}.Ad-Hoc|Any CPU.Build.0 = Ad-Hoc|iPhone
		{8AED56D6-5AA1-47B6-8900-7912371DE385}.Ad-Hoc|Any CPU.Deploy.0 = Ad-Hoc|iPhone
		{8AED56D6-5AA1-47B6-8900-7912371DE385}.Ad-Hoc|ARM.ActiveCfg = Ad-Hoc|iPhone
		{8AED56D6-5AA1-47B6-8900-7912371DE385}.Ad-Hoc|ARM.Build.0 = Ad-Hoc|iPhone
		{8AED56D6-5AA1-47B6-8900-7912371DE385}.Ad-Hoc|ARM.Deploy.0 = Ad-Hoc|iPhone
		{8AED56D6-5AA1-47B6-8900-7912371DE385}.Ad-Hoc|iPhone.ActiveCfg = Ad-Hoc|iPhone
		{8AED56D6-5AA1-47B6-8900-7912371DE385}.Ad-Hoc|iPhone.Build.0 = Ad-Hoc|iPhone
		{8AED56D6-5AA1-47B6-8900-7912371DE385}.Ad-Hoc|iPhone.Deploy.0 = Ad-Hoc|iPhone
		{8AED56D6-5AA1-47B6-8900-7912371DE385}.Ad-Hoc|iPhoneSimulator.ActiveCfg = Ad-Hoc|iPhoneSimulator
		{8AED56D6-5AA1-47B6-8900-7912371DE385}.Ad-Hoc|iPhoneSimulator.Build.0 = Ad-Hoc|iPhoneSimulator
		{8AED56D6-5AA1-47B6-8900-7912371DE385}.Ad-Hoc|iPhoneSimulator.Deploy.0 = Ad-Hoc|iPhoneSimulator
		{8AED56D6-5AA1-47B6-8900-7912371DE385}.Ad-Hoc|x64.ActiveCfg = Ad-Hoc|iPhone
		{8AED56D6-5AA1-47B6-8900-7912371DE385}.Ad-Hoc|x64.Build.0 = Ad-Hoc|iPhone
		{8AED56D6-5AA1-47B6-8900-7912371DE385}.Ad-Hoc|x64.Deploy.0 = Ad-Hoc|iPhone
		{8AED56D6-5AA1-47B6-8900-7912371DE385}.Ad-Hoc|x86.ActiveCfg = Ad-Hoc|iPhone
		{8AED56D6-5AA1-47B6-8900-7912371DE385}.Ad-Hoc|x86.Build.0 = Ad-Hoc|iPhone
		{8AED56D6-5AA1-47B6-8900-7912371DE385}.Ad-Hoc|x86.Deploy.0 = Ad-Hoc|iPhone
		{8AED56D6-5AA1-47B6-8900-7912371DE385}.AppStore|Any CPU.ActiveCfg = AppStore|iPhone
		{8AED56D6-5AA1-47B6-8900-7912371DE385}.AppStore|Any CPU.Build.0 = AppStore|iPhone
		{8AED56D6-5AA1-47B6-8900-7912371DE385}.AppStore|Any CPU.Deploy.0 = AppStore|iPhone
		{8AED56D6-5AA1-47B6-8900-7912371DE385}.AppStore|ARM.ActiveCfg = AppStore|iPhone
		{8AED56D6-5AA1-47B6-8900-7912371DE385}.AppStore|ARM.Build.0 = AppStore|iPhone
		{8AED56D6-5AA1-47B6-8900-7912371DE385}.AppStore|ARM.Deploy.0 = AppStore|iPhone
		{8AED56D6-5AA1-47B6-8900-7912371DE385}.AppStore|iPhone.ActiveCfg = AppStore|iPhone
		{8AED56D6-5AA1-47B6-8900-7912371DE385}.AppStore|iPhone.Build.0 = AppStore|iPhone
		{8AED56D6-5AA1-47B6-8900-7912371DE385}.AppStore|iPhone.Deploy.0 = AppStore|iPhone
		{8AED56D6-5AA1-47B6-8900-7912371DE385}.AppStore|iPhoneSimulator.ActiveCfg = AppStore|iPhoneSimulator
		{8AED56D6-5AA1-47B6-8900-7912371DE385}.AppStore|iPhoneSimulator.Build.0 = AppStore|iPhoneSimulator
		{8AED56D6-5AA1-47B6-8900-7912371DE385}.AppStore|iPhoneSimulator.Deploy.0 = AppStore|iPhoneSimulator
		{8AED56D6-5AA1-47B6-8900-7912371DE385}.AppStore|x64.ActiveCfg = AppStore|iPhone
		{8AED56D6-5AA1-47B6-8900-7912371DE385}.AppStore|x64.Build.0 = AppStore|iPhone
		{8AED56D6-5AA1-47B6-8900-7912371DE385}.AppStore|x64.Deploy.0 = AppStore|iPhone
		{8AED56D6-5AA1-47B6-8900-7912371DE385}.AppStore|x86.ActiveCfg = AppStore|iPhone
		{8AED56D6-5AA1-47B6-8900-7912371DE385}.AppStore|x86.Build.0 = AppStore|iPhone
		{8AED56D6-5AA1-47B6-8900-7912371DE385}.AppStore|x86.Deploy.0 = AppStore|iPhone
		{8AED56D6-5AA1-47B6-8900-7912371DE385}.Debug|Any CPU.ActiveCfg = Debug|iPhoneSimulator
		{8AED56D6-5AA1-47B6-8900-7912371DE385}.Debug|Any CPU.Build.0 = Debug|iPhoneSimulator
		{8AED56D6-5AA1-47B6-8900-7912371DE385}.Debug|Any CPU.Deploy.0 = Debug|iPhoneSimulator
		{8AED56D6-5AA1-47B6-8900-7912371DE385}.Debug|ARM.ActiveCfg = Debug|iPhone
		{8AED56D6-5AA1-47B6-8900-7912371DE385}.Debug|ARM.Build.0 = Debug|iPhone
		{8AED56D6-5AA1-47B6-8900-7912371DE385}.Debug|ARM.Deploy.0 = Debug|iPhone
		{8AED56D6-5AA1-47B6-8900-7912371DE385}.Debug|iPhone.ActiveCfg = Debug|iPhone
		{8AED56D6-5AA1-47B6-8900-7912371DE385}.Debug|iPhone.Build.0 = Debug|iPhone
		{8AED56D6-5AA1-47B6-8900-7912371DE385}.Debug|iPhone.Deploy.0 = Debug|iPhone
		{8AED56D6-5AA1-47B6-8900-7912371DE385}.Debug|iPhoneSimulator.ActiveCfg = Debug|iPhoneSimulator
		{8AED56D6-5AA1-47B6-8900-7912371DE385}.Debug|iPhoneSimulator.Build.0 = Debug|iPhoneSimulator
		{8AED56D6-5AA1-47B6-8900-7912371DE385}.Debug|iPhoneSimulator.Deploy.0 = Debug|iPhoneSimulator
		{8AED56D6-5AA1-47B6-8900-7912371DE385}.Debug|x64.ActiveCfg = Debug|iPhone
		{8AED56D6-5AA1-47B6-8900-7912371DE385}.Debug|x64.Build.0 = Debug|iPhone
		{8AED56D6-5AA1-47B6-8900-7912371DE385}.Debug|x64.Deploy.0 = Debug|iPhone
		{8AED56D6-5AA1-47B6-8900-7912371DE385}.Debug|x86.ActiveCfg = Debug|iPhone
		{8AED56D6-5AA1-47B6-8900-7912371DE385}.Debug|x86.Build.0 = Debug|iPhone
		{8AED56D6-5AA1-47B6-8900-7912371DE385}.Debug|x86.Deploy.0 = Debug|iPhone
		{8AED56D6-5AA1-47B6-8900-7912371DE385}.Release|Any CPU.ActiveCfg = Release|iPhone
		{8AED56D6-5AA1-47B6-8900-7912371DE385}.Release|Any CPU.Build.0 = Release|iPhone
		{8AED56D6-5AA1-47B6-8900-7912371DE385}.Release|Any CPU.Deploy.0 = Release|iPhone
		{8AED56D6-5AA1-47B6-8900-7912371DE385}.Release|ARM.ActiveCfg = Release|iPhone
		{8AED56D6-5AA1-47B6-8900-7912371DE385}.Release|ARM.Build.0 = Release|iPhone
		{8AED56D6-5AA1-47B6-8900-7912371DE385}.Release|ARM.Deploy.0 = Release|iPhone
		{8AED56D6-5AA1-47B6-8900-7912371DE385}.Release|iPhone.ActiveCfg = Release|iPhone
		{8AED56D6-5AA1-47B6-8900-7912371DE385}.Release|iPhone.Build.0 = Release|iPhone
		{8AED56D6-5AA1-47B6-8900-7912371DE385}.Release|iPhone.Deploy.0 = Release|iPhone
		{8AED56D6-5AA1-47B6-8900-7912371DE385}.Release|iPhoneSimulator.ActiveCfg = Release|iPhoneSimulator
		{8AED56D6-5AA1-47B6-8900-7912371DE385}.Release|iPhoneSimulator.Build.0 = Release|iPhoneSimulator
		{8AED56D6-5AA1-47B6-8900-7912371DE385}.Release|iPhoneSimulator.Deploy.0 = Release|iPhoneSimulator
		{8AED56D6-5AA1-47B6-8900-7912371DE385}.Release|x64.ActiveCfg = Release|iPhone
		{8AED56D6-5AA1-47B6-8900-7912371DE385}.Release|x64.Build.0 = Release|iPhone
		{8AED56D6-5AA1-47B6-8900-7912371DE385}.Release|x64.Deploy.0 = Release|iPhone
		{8AED56D6-5AA1-47B6-8900-7912371DE385}.Release|x86.ActiveCfg = Release|iPhone
		{8AED56D6-5AA1-47B6-8900-7912371DE385}.Release|x86.Build.0 = Release|iPhone
		{8AED56D6-5AA1-47B6-8900-7912371DE385}.Release|x86.Deploy.0 = Release|iPhone
		{64346C96-FF75-4B87-BE7F-5F91C4DF4A8B}.Ad-Hoc|Any CPU.ActiveCfg = Release|x86
		{64346C96-FF75-4B87-BE7F-5F91C4DF4A8B}.Ad-Hoc|Any CPU.Build.0 = Release|x86
		{64346C96-FF75-4B87-BE7F-5F91C4DF4A8B}.Ad-Hoc|Any CPU.Deploy.0 = Release|x86
		{64346C96-FF75-4B87-BE7F-5F91C4DF4A8B}.Ad-Hoc|ARM.ActiveCfg = Release|ARM
		{64346C96-FF75-4B87-BE7F-5F91C4DF4A8B}.Ad-Hoc|ARM.Build.0 = Release|ARM
		{64346C96-FF75-4B87-BE7F-5F91C4DF4A8B}.Ad-Hoc|ARM.Deploy.0 = Release|ARM
		{64346C96-FF75-4B87-BE7F-5F91C4DF4A8B}.Ad-Hoc|iPhone.ActiveCfg = Release|x86
		{64346C96-FF75-4B87-BE7F-5F91C4DF4A8B}.Ad-Hoc|iPhone.Build.0 = Release|x86
		{64346C96-FF75-4B87-BE7F-5F91C4DF4A8B}.Ad-Hoc|iPhone.Deploy.0 = Release|x86
		{64346C96-FF75-4B87-BE7F-5F91C4DF4A8B}.Ad-Hoc|iPhoneSimulator.ActiveCfg = Release|x86
		{64346C96-FF75-4B87-BE7F-5F91C4DF4A8B}.Ad-Hoc|iPhoneSimulator.Build.0 = Release|x86
		{64346C96-FF75-4B87-BE7F-5F91C4DF4A8B}.Ad-Hoc|iPhoneSimulator.Deploy.0 = Release|x86
		{64346C96-FF75-4B87-BE7F-5F91C4DF4A8B}.Ad-Hoc|x64.ActiveCfg = Release|x64
		{64346C96-FF75-4B87-BE7F-5F91C4DF4A8B}.Ad-Hoc|x64.Build.0 = Release|x64
		{64346C96-FF75-4B87-BE7F-5F91C4DF4A8B}.Ad-Hoc|x64.Deploy.0 = Release|x64
		{64346C96-FF75-4B87-BE7F-5F91C4DF4A8B}.Ad-Hoc|x86.ActiveCfg = Release|x86
		{64346C96-FF75-4B87-BE7F-5F91C4DF4A8B}.Ad-Hoc|x86.Build.0 = Release|x86
		{64346C96-FF75-4B87-BE7F-5F91C4DF4A8B}.Ad-Hoc|x86.Deploy.0 = Release|x86
		{64346C96-FF75-4B87-BE7F-5F91C4DF4A8B}.AppStore|Any CPU.ActiveCfg = Release|x86
		{64346C96-FF75-4B87-BE7F-5F91C4DF4A8B}.AppStore|Any CPU.Build.0 = Release|x86
		{64346C96-FF75-4B87-BE7F-5F91C4DF4A8B}.AppStore|Any CPU.Deploy.0 = Release|x86
		{64346C96-FF75-4B87-BE7F-5F91C4DF4A8B}.AppStore|ARM.ActiveCfg = Release|ARM
		{64346C96-FF75-4B87-BE7F-5F91C4DF4A8B}.AppStore|ARM.Build.0 = Release|ARM
		{64346C96-FF75-4B87-BE7F-5F91C4DF4A8B}.AppStore|ARM.Deploy.0 = Release|ARM
		{64346C96-FF75-4B87-BE7F-5F91C4DF4A8B}.AppStore|iPhone.ActiveCfg = Release|x86
		{64346C96-FF75-4B87-BE7F-5F91C4DF4A8B}.AppStore|iPhone.Build.0 = Release|x86
		{64346C96-FF75-4B87-BE7F-5F91C4DF4A8B}.AppStore|iPhone.Deploy.0 = Release|x86
		{64346C96-FF75-4B87-BE7F-5F91C4DF4A8B}.AppStore|iPhoneSimulator.ActiveCfg = Release|x86
		{64346C96-FF75-4B87-BE7F-5F91C4DF4A8B}.AppStore|iPhoneSimulator.Build.0 = Release|x86
		{64346C96-FF75-4B87-BE7F-5F91C4DF4A8B}.AppStore|iPhoneSimulator.Deploy.0 = Release|x86
		{64346C96-FF75-4B87-BE7F-5F91C4DF4A8B}.AppStore|x64.ActiveCfg = Release|x64
		{64346C96-FF75-4B87-BE7F-5F91C4DF4A8B}.AppStore|x64.Build.0 = Release|x64
		{64346C96-FF75-4B87-BE7F-5F91C4DF4A8B}.AppStore|x64.Deploy.0 = Release|x64
		{64346C96-FF75-4B87-BE7F-5F91C4DF4A8B}.AppStore|x86.ActiveCfg = Release|x86
		{64346C96-FF75-4B87-BE7F-5F91C4DF4A8B}.AppStore|x86.Build.0 = Release|x86
		{64346C96-FF75-4B87-BE7F-5F91C4DF4A8B}.AppStore|x86.Deploy.0 = Release|x86
		{64346C96-FF75-4B87-BE7F-5F91C4DF4A8B}.Debug|Any CPU.ActiveCfg = Debug|x86
		{64346C96-FF75-4B87-BE7F-5F91C4DF4A8B}.Debug|Any CPU.Build.0 = Debug|x86
		{64346C96-FF75-4B87-BE7F-5F91C4DF4A8B}.Debug|Any CPU.Deploy.0 = Debug|x86
		{64346C96-FF75-4B87-BE7F-5F91C4DF4A8B}.Debug|ARM.ActiveCfg = Debug|ARM
		{64346C96-FF75-4B87-BE7F-5F91C4DF4A8B}.Debug|ARM.Build.0 = Debug|ARM
		{64346C96-FF75-4B87-BE7F-5F91C4DF4A8B}.Debug|ARM.Deploy.0 = Debug|ARM
		{64346C96-FF75-4B87-BE7F-5F91C4DF4A8B}.Debug|iPhone.ActiveCfg = Debug|x86
		{64346C96-FF75-4B87-BE7F-5F91C4DF4A8B}.Debug|iPhone.Build.0 = Debug|x86
		{64346C96-FF75-4B87-BE7F-5F91C4DF4A8B}.Debug|iPhone.Deploy.0 = Debug|x86
		{64346C96-FF75-4B87-BE7F-5F91C4DF4A8B}.Debug|iPhoneSimulator.ActiveCfg = Debug|x86
		{64346C96-FF75-4B87-BE7F-5F91C4DF4A8B}.Debug|iPhoneSimulator.Build.0 = Debug|x86
		{64346C96-FF75-4B87-BE7F-5F91C4DF4A8B}.Debug|iPhoneSimulator.Deploy.0 = Debug|x86
		{64346C96-FF75-4B87-BE7F-5F91C4DF4A8B}.Debug|x64.ActiveCfg = Debug|x64
		{64346C96-FF75-4B87-BE7F-5F91C4DF4A8B}.Debug|x64.Build.0 = Debug|x64
		{64346C96-FF75-4B87-BE7F-5F91C4DF4A8B}.Debug|x64.Deploy.0 = Debug|x64
		{64346C96-FF75-4B87-BE7F-5F91C4DF4A8B}.Debug|x86.ActiveCfg = Debug|x86
		{64346C96-FF75-4B87-BE7F-5F91C4DF4A8B}.Debug|x86.Build.0 = Debug|x86
		{64346C96-FF75-4B87-BE7F-5F91C4DF4A8B}.Debug|x86.Deploy.0 = Debug|x86
		{64346C96-FF75-4B87-BE7F-5F91C4DF4A8B}.Release|Any CPU.ActiveCfg = Release|x86
		{64346C96-FF75-4B87-BE7F-5F91C4DF4A8B}.Release|Any CPU.Build.0 = Release|x86
		{64346C96-FF75-4B87-BE7F-5F91C4DF4A8B}.Release|Any CPU.Deploy.0 = Release|x86
		{64346C96-FF75-4B87-BE7F-5F91C4DF4A8B}.Release|ARM.ActiveCfg = Release|ARM
		{64346C96-FF75-4B87-BE7F-5F91C4DF4A8B}.Release|ARM.Build.0 = Release|ARM
		{64346C96-FF75-4B87-BE7F-5F91C4DF4A8B}.Release|ARM.Deploy.0 = Release|ARM
		{64346C96-FF75-4B87-BE7F-5F91C4DF4A8B}.Release|iPhone.ActiveCfg = Release|x86
		{64346C96-FF75-4B87-BE7F-5F91C4DF4A8B}.Release|iPhone.Build.0 = Release|x86
		{64346C96-FF75-4B87-BE7F-5F91C4DF4A8B}.Release|iPhone.Deploy.0 = Release|x86
		{64346C96-FF75-4B87-BE7F-5F91C4DF4A8B}.Release|iPhoneSimulator.ActiveCfg = Release|x86
		{64346C96-FF75-4B87-BE7F-5F91C4DF4A8B}.Release|iPhoneSimulator.Build.0 = Release|x86
		{64346C96-FF75-4B87-BE7F-5F91C4DF4A8B}.Release|iPhoneSimulator.Deploy.0 = Release|x86
		{64346C96-FF75-4B87-BE7F-5F91C4DF4A8B}.Release|x64.ActiveCfg = Release|x64
		{64346C96-FF75-4B87-BE7F-5F91C4DF4A8B}.Release|x64.Build.0 = Release|x64
		{64346C96-FF75-4B87-BE7F-5F91C4DF4A8B}.Release|x64.Deploy.0 = Release|x64
		{64346C96-FF75-4B87-BE7F-5F91C4DF4A8B}.Release|x86.ActiveCfg = Release|x86
		{64346C96-FF75-4B87-BE7F-5F91C4DF4A8B}.Release|x86.Build.0 = Release|x86
		{64346C96-FF75-4B87-BE7F-5F91C4DF4A8B}.Release|x86.Deploy.0 = Release|x86
		{7A20649D-14E1-4984-B03E-B947E40F8692}.Ad-Hoc|Any CPU.ActiveCfg = Debug|Any CPU
		{7A20649D-14E1-4984-B03E-B947E40F8692}.Ad-Hoc|Any CPU.Build.0 = Debug|Any CPU
		{7A20649D-14E1-4984-B03E-B947E40F8692}.Ad-Hoc|Any CPU.Deploy.0 = Debug|Any CPU
		{7A20649D-14E1-4984-B03E-B947E40F8692}.Ad-Hoc|ARM.ActiveCfg = Debug|Any CPU
		{7A20649D-14E1-4984-B03E-B947E40F8692}.Ad-Hoc|ARM.Build.0 = Debug|Any CPU
		{7A20649D-14E1-4984-B03E-B947E40F8692}.Ad-Hoc|ARM.Deploy.0 = Debug|Any CPU
		{7A20649D-14E1-4984-B03E-B947E40F8692}.Ad-Hoc|iPhone.ActiveCfg = Debug|Any CPU
		{7A20649D-14E1-4984-B03E-B947E40F8692}.Ad-Hoc|iPhone.Build.0 = Debug|Any CPU
		{7A20649D-14E1-4984-B03E-B947E40F8692}.Ad-Hoc|iPhone.Deploy.0 = Debug|Any CPU
		{7A20649D-14E1-4984-B03E-B947E40F8692}.Ad-Hoc|iPhoneSimulator.ActiveCfg = Debug|Any CPU
		{7A20649D-14E1-4984-B03E-B947E40F8692}.Ad-Hoc|iPhoneSimulator.Build.0 = Debug|Any CPU
		{7A20649D-14E1-4984-B03E-B947E40F8692}.Ad-Hoc|iPhoneSimulator.Deploy.0 = Debug|Any CPU
		{7A20649D-14E1-4984-B03E-B947E40F8692}.Ad-Hoc|x64.ActiveCfg = Debug|Any CPU
		{7A20649D-14E1-4984-B03E-B947E40F8692}.Ad-Hoc|x64.Build.0 = Debug|Any CPU
		{7A20649D-14E1-4984-B03E-B947E40F8692}.Ad-Hoc|x64.Deploy.0 = Debug|Any CPU
		{7A20649D-14E1-4984-B03E-B947E40F8692}.Ad-Hoc|x86.ActiveCfg = Debug|Any CPU
		{7A20649D-14E1-4984-B03E-B947E40F8692}.Ad-Hoc|x86.Build.0 = Debug|Any CPU
		{7A20649D-14E1-4984-B03E-B947E40F8692}.Ad-Hoc|x86.Deploy.0 = Debug|Any CPU
		{7A20649D-14E1-4984-B03E-B947E40F8692}.AppStore|Any CPU.ActiveCfg = Debug|Any CPU
		{7A20649D-14E1-4984-B03E-B947E40F8692}.AppStore|Any CPU.Build.0 = Debug|Any CPU
		{7A20649D-14E1-4984-B03E-B947E40F8692}.AppStore|Any CPU.Deploy.0 = Debug|Any CPU
		{7A20649D-14E1-4984-B03E-B947E40F8692}.AppStore|ARM.ActiveCfg = Debug|Any CPU
		{7A20649D-14E1-4984-B03E-B947E40F8692}.AppStore|ARM.Build.0 = Debug|Any CPU
		{7A20649D-14E1-4984-B03E-B947E40F8692}.AppStore|ARM.Deploy.0 = Debug|Any CPU
		{7A20649D-14E1-4984-B03E-B947E40F8692}.AppStore|iPhone.ActiveCfg = Debug|Any CPU
		{7A20649D-14E1-4984-B03E-B947E40F8692}.AppStore|iPhone.Build.0 = Debug|Any CPU
		{7A20649D-14E1-4984-B03E-B947E40F8692}.AppStore|iPhone.Deploy.0 = Debug|Any CPU
		{7A20649D-14E1-4984-B03E-B947E40F8692}.AppStore|iPhoneSimulator.ActiveCfg = Debug|Any CPU
		{7A20649D-14E1-4984-B03E-B947E40F8692}.AppStore|iPhoneSimulator.Build.0 = Debug|Any CPU
		{7A20649D-14E1-4984-B03E-B947E40F8692}.AppStore|iPhoneSimulator.Deploy.0 = Debug|Any CPU
		{7A20649D-14E1-4984-B03E-B947E40F8692}.AppStore|x64.ActiveCfg = Debug|Any CPU
		{7A20649D-14E1-4984-B03E-B947E40F8692}.AppStore|x64.Build.0 = Debug|Any CPU
		{7A20649D-14E1-4984-B03E-B947E40F8692}.AppStore|x64.Deploy.0 = Debug|Any CPU
		{7A20649D-14E1-4984-B03E-B947E40F8692}.AppStore|x86.ActiveCfg = Debug|Any CPU
		{7A20649D-14E1-4984-B03E-B947E40F8692}.AppStore|x86.Build.0 = Debug|Any CPU
		{7A20649D-14E1-4984-B03E-B947E40F8692}.AppStore|x86.Deploy.0 = Debug|Any CPU
		{7A20649D-14E1-4984-B03E-B947E40F8692}.Debug|Any CPU.ActiveCfg = Debug|Any CPU
		{7A20649D-14E1-4984-B03E-B947E40F8692}.Debug|Any CPU.Build.0 = Debug|Any CPU
		{7A20649D-14E1-4984-B03E-B947E40F8692}.Debug|Any CPU.Deploy.0 = Debug|Any CPU
		{7A20649D-14E1-4984-B03E-B947E40F8692}.Debug|ARM.ActiveCfg = Debug|Any CPU
		{7A20649D-14E1-4984-B03E-B947E40F8692}.Debug|ARM.Build.0 = Debug|Any CPU
		{7A20649D-14E1-4984-B03E-B947E40F8692}.Debug|ARM.Deploy.0 = Debug|Any CPU
		{7A20649D-14E1-4984-B03E-B947E40F8692}.Debug|iPhone.ActiveCfg = Debug|Any CPU
		{7A20649D-14E1-4984-B03E-B947E40F8692}.Debug|iPhone.Build.0 = Debug|Any CPU
		{7A20649D-14E1-4984-B03E-B947E40F8692}.Debug|iPhone.Deploy.0 = Debug|Any CPU
		{7A20649D-14E1-4984-B03E-B947E40F8692}.Debug|iPhoneSimulator.ActiveCfg = Debug|Any CPU
		{7A20649D-14E1-4984-B03E-B947E40F8692}.Debug|iPhoneSimulator.Build.0 = Debug|Any CPU
		{7A20649D-14E1-4984-B03E-B947E40F8692}.Debug|iPhoneSimulator.Deploy.0 = Debug|Any CPU
		{7A20649D-14E1-4984-B03E-B947E40F8692}.Debug|x64.ActiveCfg = Debug|Any CPU
		{7A20649D-14E1-4984-B03E-B947E40F8692}.Debug|x64.Build.0 = Debug|Any CPU
		{7A20649D-14E1-4984-B03E-B947E40F8692}.Debug|x64.Deploy.0 = Debug|Any CPU
		{7A20649D-14E1-4984-B03E-B947E40F8692}.Debug|x86.ActiveCfg = Debug|Any CPU
		{7A20649D-14E1-4984-B03E-B947E40F8692}.Debug|x86.Build.0 = Debug|Any CPU
		{7A20649D-14E1-4984-B03E-B947E40F8692}.Debug|x86.Deploy.0 = Debug|Any CPU
		{7A20649D-14E1-4984-B03E-B947E40F8692}.Release|Any CPU.ActiveCfg = Release|Any CPU
		{7A20649D-14E1-4984-B03E-B947E40F8692}.Release|Any CPU.Build.0 = Release|Any CPU
		{7A20649D-14E1-4984-B03E-B947E40F8692}.Release|Any CPU.Deploy.0 = Release|Any CPU
		{7A20649D-14E1-4984-B03E-B947E40F8692}.Release|ARM.ActiveCfg = Release|Any CPU
		{7A20649D-14E1-4984-B03E-B947E40F8692}.Release|ARM.Build.0 = Release|Any CPU
		{7A20649D-14E1-4984-B03E-B947E40F8692}.Release|ARM.Deploy.0 = Release|Any CPU
		{7A20649D-14E1-4984-B03E-B947E40F8692}.Release|iPhone.ActiveCfg = Release|Any CPU
		{7A20649D-14E1-4984-B03E-B947E40F8692}.Release|iPhone.Build.0 = Release|Any CPU
		{7A20649D-14E1-4984-B03E-B947E40F8692}.Release|iPhone.Deploy.0 = Release|Any CPU
		{7A20649D-14E1-4984-B03E-B947E40F8692}.Release|iPhoneSimulator.ActiveCfg = Release|Any CPU
		{7A20649D-14E1-4984-B03E-B947E40F8692}.Release|iPhoneSimulator.Build.0 = Release|Any CPU
		{7A20649D-14E1-4984-B03E-B947E40F8692}.Release|iPhoneSimulator.Deploy.0 = Release|Any CPU
		{7A20649D-14E1-4984-B03E-B947E40F8692}.Release|x64.ActiveCfg = Release|Any CPU
		{7A20649D-14E1-4984-B03E-B947E40F8692}.Release|x64.Build.0 = Release|Any CPU
		{7A20649D-14E1-4984-B03E-B947E40F8692}.Release|x64.Deploy.0 = Release|Any CPU
		{7A20649D-14E1-4984-B03E-B947E40F8692}.Release|x86.ActiveCfg = Release|Any CPU
		{7A20649D-14E1-4984-B03E-B947E40F8692}.Release|x86.Build.0 = Release|Any CPU
		{7A20649D-14E1-4984-B03E-B947E40F8692}.Release|x86.Deploy.0 = Release|Any CPU
	EndGlobalSection
	GlobalSection(SolutionProperties) = preSolution
		HideSolutionNode = FALSE
	EndGlobalSection
	GlobalSection(ExtensibilityGlobals) = postSolution
		SolutionGuid = {C6E7E08B-4AB7-410F-8E41-91268C56AD39}
	EndGlobalSection
EndGlobal
